
Microsoft Visual Studio Solution File, Format Version 12.00
# Visual Studio Version 17
VisualStudioVersion = 17.11.35312.102
MinimumVisualStudioVersion = 10.0.40219.1
Project("{FAE04EC0-301F-11D3-BF4B-00C04F79EFBC}") = "Entities", "Entities\Entities.csproj", "{8EBBC6A1-528F-4BD7-B51D-3AD942EC66A5}"
EndProject
Global
	GlobalSection(SolutionConfigurationPlatforms) = preSolution
		Debug|Any CPU = Debug|Any CPU
		Release|Any CPU = Release|Any CPU
	EndGlobalSection
	GlobalSection(ProjectConfigurationPlatforms) = postSolution
		{8EBBC6A1-528F-4BD7-B51D-3AD942EC66A5}.Debug|Any CPU.ActiveCfg = Debug|Any CPU
		{8EBBC6A1-528F-4BD7-B51D-3AD942EC66A5}.Debug|Any CPU.Build.0 = Debug|Any CPU
		{8EBBC6A1-528F-4BD7-B51D-3AD942EC66A5}.Release|Any CPU.ActiveCfg = Release|Any CPU
		{8EBBC6A1-528F-4BD7-B51D-3AD942EC66A5}.Release|Any CPU.Build.0 = Release|Any CPU
	EndGlobalSection
	GlobalSection(SolutionProperties) = preSolution
		HideSolutionNode = FALSE
	EndGlobalSection
	GlobalSection(ExtensibilityGlobals) = postSolution
		SolutionGuid = {F4C8BEE5-9AA9-4F04-93C6-8F68DB2DD2E2}
	EndGlobalSection
EndGlobal
