
Microsoft Visual Studio Solution File, Format Version 12.00
# Visual Studio Version 17
VisualStudioVersion = 17.11.35312.102
MinimumVisualStudioVersion = 10.0.40219.1
Project("{9A19103F-16F7-4668-BE54-9A1E7A4F7556}") = "Interface", "Interface\Interface.csproj", "{FAA00B80-E595-441C-89E1-0D4B8D0511B6}"
EndProject
Project("{9A19103F-16F7-4668-BE54-9A1E7A4F7556}") = "DAL", "..\DAL\DAL\DAL.csproj", "{45FCD9BE-5F0D-4913-99D7-611E050F3F91}"
EndProject
Project("{9A19103F-16F7-4668-BE54-9A1E7A4F7556}") = "Entities", "..\Entities\Entities\Entities.csproj", "{60987A85-03BD-4BCE-8852-BC816DD7E84F}"
EndProject
Global
	GlobalSection(SolutionConfigurationPlatforms) = preSolution
		Debug|Any CPU = Debug|Any CPU
		Release|Any CPU = Release|Any CPU
	EndGlobalSection
	GlobalSection(ProjectConfigurationPlatforms) = postSolution
		{FAA00B80-E595-441C-89E1-0D4B8D0511B6}.Debug|Any CPU.ActiveCfg = Debug|Any CPU
		{FAA00B80-E595-441C-89E1-0D4B8D0511B6}.Debug|Any CPU.Build.0 = Debug|Any CPU
		{FAA00B80-E595-441C-89E1-0D4B8D0511B6}.Release|Any CPU.ActiveCfg = Release|Any CPU
		{FAA00B80-E595-441C-89E1-0D4B8D0511B6}.Release|Any CPU.Build.0 = Release|Any CPU
		{45FCD9BE-5F0D-4913-99D7-611E050F3F91}.Debug|Any CPU.ActiveCfg = Debug|Any CPU
		{45FCD9BE-5F0D-4913-99D7-611E050F3F91}.Debug|Any CPU.Build.0 = Debug|Any CPU
		{45FCD9BE-5F0D-4913-99D7-611E050F3F91}.Release|Any CPU.ActiveCfg = Release|Any CPU
		{45FCD9BE-5F0D-4913-99D7-611E050F3F91}.Release|Any CPU.Build.0 = Release|Any CPU
		{60987A85-03BD-4BCE-8852-BC816DD7E84F}.Debug|Any CPU.ActiveCfg = Debug|Any CPU
		{60987A85-03BD-4BCE-8852-BC816DD7E84F}.Debug|Any CPU.Build.0 = Debug|Any CPU
		{60987A85-03BD-4BCE-8852-BC816DD7E84F}.Release|Any CPU.ActiveCfg = Release|Any CPU
		{60987A85-03BD-4BCE-8852-BC816DD7E84F}.Release|Any CPU.Build.0 = Release|Any CPU
	EndGlobalSection
	GlobalSection(SolutionProperties) = preSolution
		HideSolutionNode = FALSE
	EndGlobalSection
	GlobalSection(ExtensibilityGlobals) = postSolution
		SolutionGuid = {019022C2-77A8-4036-B2B2-FBC60AEEF075}
	EndGlobalSection
EndGlobal
